
Microsoft Visual Studio Solution File, Format Version 9.00
# Visual Studio 2005
Project("{FAE04EC0-301F-11D3-BF4B-00C04F79EFBC}") = "GlassForm", "GlassForm\GlassForm.csproj", "{7902E8CC-CBC5-4100-A125-AE9BF01A82AE}"
EndProject
Project("{FAE04EC0-301F-11D3-BF4B-00C04F79EFBC}") = "GlassFormTest", "GlassFormTest\GlassFormTest.csproj", "{205BE419-5551-41A5-9114-F28063BF0875}"
EndProject
Global
	GlobalSection(SolutionConfigurationPlatforms) = preSolution
		Debug|Any CPU = Debug|Any CPU
		Release|Any CPU = Release|Any CPU
	EndGlobalSection
	GlobalSection(ProjectConfigurationPlatforms) = postSolution
		{7902E8CC-CBC5-4100-A125-AE9BF01A82AE}.Debug|Any CPU.ActiveCfg = Debug|Any CPU
		{7902E8CC-CBC5-4100-A125-AE9BF01A82AE}.Debug|Any CPU.Build.0 = Debug|Any CPU
		{7902E8CC-CBC5-4100-A125-AE9BF01A82AE}.Release|Any CPU.ActiveCfg = Release|Any CPU
		{7902E8CC-CBC5-4100-A125-AE9BF01A82AE}.Release|Any CPU.Build.0 = Release|Any CPU
		{205BE419-5551-41A5-9114-F28063BF0875}.Debug|Any CPU.ActiveCfg = Debug|Any CPU
		{205BE419-5551-41A5-9114-F28063BF0875}.Debug|Any CPU.Build.0 = Debug|Any CPU
		{205BE419-5551-41A5-9114-F28063BF0875}.Release|Any CPU.ActiveCfg = Release|Any CPU
		{205BE419-5551-41A5-9114-F28063BF0875}.Release|Any CPU.Build.0 = Release|Any CPU
	EndGlobalSection
	GlobalSection(SolutionProperties) = preSolution
		HideSolutionNode = FALSE
	EndGlobalSection
EndGlobal
